
Microsoft Visual Studio Solution File, Format Version 12.00
# Visual Studio Version 16
VisualStudioVersion = 16.0.30907.101
MinimumVisualStudioVersion = 10.0.40219.1
Project("{FAE04EC0-301F-11D3-BF4B-00C04F79EFBC}") = "PortScanner", "PortScanner\PortScanner.csproj", "{72DE2568-CCC9-49E0-AD56-6D4D0C741299}"
EndProject
Global
	GlobalSection(SolutionConfigurationPlatforms) = preSolution
		Debug|Any CPU = Debug|Any CPU
		Release|Any CPU = Release|Any CPU
	EndGlobalSection
	GlobalSection(ProjectConfigurationPlatforms) = postSolution
		{72DE2568-CCC9-49E0-AD56-6D4D0C741299}.Debug|Any CPU.ActiveCfg = Debug|Any CPU
		{72DE2568-CCC9-49E0-AD56-6D4D0C741299}.Debug|Any CPU.Build.0 = Debug|Any CPU
		{72DE2568-CCC9-49E0-AD56-6D4D0C741299}.Release|Any CPU.ActiveCfg = Release|Any CPU
		{72DE2568-CCC9-49E0-AD56-6D4D0C741299}.Release|Any CPU.Build.0 = Release|Any CPU
	EndGlobalSection
	GlobalSection(SolutionProperties) = preSolution
		HideSolutionNode = FALSE
	EndGlobalSection
	GlobalSection(ExtensibilityGlobals) = postSolution
		SolutionGuid = {1A986407-103D-44EF-BC45-322C6EA50074}
	EndGlobalSection
EndGlobal
